# THIS IS AN AUTOGENERATED FILE. DO NOT EDIT THIS FILE DIRECTLY.
# yarn lockfile v1


"@stencil/core@^1.3.3":
  version "1.8.4"
  resolved "https://registry.yarnpkg.com/@stencil/core/-/core-1.8.4.tgz#5b5a5b2dc76e503ea58faabf2096269efdda01c9"
  integrity sha512-QqMd7PtqsnhZCqflGp1pQNhbMSaqJho9l5ZSZfbl2OP2q1SdVuKUl/vatAT+++Ml7duC6OZCNsvhLvvP6Mr7GQ==
  dependencies:
    typescript "3.7.2"

"@stencil/router@^1.0.1":
  version "1.0.1"
  resolved "https://registry.yarnpkg.com/@stencil/router/-/router-1.0.1.tgz#f95bcc67ef8d832c16a117487a277d4ce2973d2a"
  integrity sha512-ZMholl1BE+glNAc/8pcEb9RYkeH0XETxsJbx6D7f3azTmaTXqKYty1IACP/3BtVjuimpfLdxQJ+J95wKmnYBtA==
  dependencies:
    "@stencil/state-tunnel" "^1.0.1"

"@stencil/state-tunnel@^1.0.1":
  version "1.0.1"
  resolved "https://registry.yarnpkg.com/@stencil/state-tunnel/-/state-tunnel-1.0.1.tgz#21324f494ad719732505c8134099e415ac4c3c81"
  integrity sha512-DYG8uROgL9hkjVTCtCfRBb0d3FwpiFB0muRrNZQ2X1Qo5hxMuNNji76/ILddqeq0AfgkKCW82xrMPDpy+rNIhQ==

typescript@3.7.2:
  version "3.7.2"
  resolved "https://registry.yarnpkg.com/typescript/-/typescript-3.7.2.tgz#27e489b95fa5909445e9fef5ee48d81697ad18fb"
  integrity sha512-ml7V7JfiN2Xwvcer+XAf2csGO1bPBdRbFCkYBczNZggrBZ9c7G3riSUeJmqEU5uOtXNPMhE3n+R4FA/3YOAWOQ==
